
Microsoft Visual Studio Solution File, Format Version 12.00
# Visual Studio 2015
Project("{FAE04EC0-301F-11D3-BF4B-00C04F79EFBC}") = "Alternalien9-21-2015.CSharp", "Alternalien9-21-2015.CSharp.csproj", "{9133DB1A-720F-F63A-6432-0A754D874CDC}"
EndProject
Project("{FAE04EC0-301F-11D3-BF4B-00C04F79EFBC}") = "Alternalien9-21-2015.CSharp.Editor", "Alternalien9-21-2015.CSharp.Editor.csproj", "{CDC0EE92-62F1-EBC7-B690-BA461F9F4564}"
EndProject
Global
	GlobalSection(SolutionConfigurationPlatforms) = preSolution
		Debug|Any CPU = Debug|Any CPU
		Release|Any CPU = Release|Any CPU
	EndGlobalSection
	GlobalSection(ProjectConfigurationPlatforms) = postSolution
		{9133DB1A-720F-F63A-6432-0A754D874CDC}.Debug|Any CPU.ActiveCfg = Debug|Any CPU
		{9133DB1A-720F-F63A-6432-0A754D874CDC}.Debug|Any CPU.Build.0 = Debug|Any CPU
		{9133DB1A-720F-F63A-6432-0A754D874CDC}.Release|Any CPU.ActiveCfg = Release|Any CPU
		{9133DB1A-720F-F63A-6432-0A754D874CDC}.Release|Any CPU.Build.0 = Release|Any CPU
		{CDC0EE92-62F1-EBC7-B690-BA461F9F4564}.Debug|Any CPU.ActiveCfg = Debug|Any CPU
		{CDC0EE92-62F1-EBC7-B690-BA461F9F4564}.Debug|Any CPU.Build.0 = Debug|Any CPU
		{CDC0EE92-62F1-EBC7-B690-BA461F9F4564}.Release|Any CPU.ActiveCfg = Release|Any CPU
		{CDC0EE92-62F1-EBC7-B690-BA461F9F4564}.Release|Any CPU.Build.0 = Release|Any CPU
	EndGlobalSection
	GlobalSection(SolutionProperties) = preSolution
		HideSolutionNode = FALSE
	EndGlobalSection
EndGlobal
